
Microsoft Visual Studio Solution File, Format Version 12.00
# Visual Studio Version 16
VisualStudioVersion = 16.0.31515.178
MinimumVisualStudioVersion = 10.0.40219.1
Project("{FAE04EC0-301F-11D3-BF4B-00C04F79EFBC}") = "project1", "project1\project1.csproj", "{D97D45B6-0F81-4CEA-84BE-49C4A3B1D4B4}"
EndProject
Global
	GlobalSection(SolutionConfigurationPlatforms) = preSolution
		Debug|Any CPU = Debug|Any CPU
		Release|Any CPU = Release|Any CPU
	EndGlobalSection
	GlobalSection(ProjectConfigurationPlatforms) = postSolution
		{D97D45B6-0F81-4CEA-84BE-49C4A3B1D4B4}.Debug|Any CPU.ActiveCfg = Debug|Any CPU
		{D97D45B6-0F81-4CEA-84BE-49C4A3B1D4B4}.Debug|Any CPU.Build.0 = Debug|Any CPU
		{D97D45B6-0F81-4CEA-84BE-49C4A3B1D4B4}.Release|Any CPU.ActiveCfg = Release|Any CPU
		{D97D45B6-0F81-4CEA-84BE-49C4A3B1D4B4}.Release|Any CPU.Build.0 = Release|Any CPU
	EndGlobalSection
	GlobalSection(SolutionProperties) = preSolution
		HideSolutionNode = FALSE
	EndGlobalSection
	GlobalSection(ExtensibilityGlobals) = postSolution
		SolutionGuid = {F074A0F1-FC33-4C52-9080-68610DF91D40}
	EndGlobalSection
EndGlobal
